
Microsoft Visual Studio Solution File, Format Version 12.00
# Visual Studio Version 16
VisualStudioVersion = 16.0.30204.135
MinimumVisualStudioVersion = 10.0.40219.1
Project("{FAE04EC0-301F-11D3-BF4B-00C04F79EFBC}") = "Proggy", "Proggy.csproj", "{0F756DFE-67B6-44CA-BDD1-F0B34F0283F5}"
EndProject
Global
	GlobalSection(SolutionConfigurationPlatforms) = preSolution
		Debug|Any CPU = Debug|Any CPU
		Release|Any CPU = Release|Any CPU
	EndGlobalSection
	GlobalSection(ProjectConfigurationPlatforms) = postSolution
		{0F756DFE-67B6-44CA-BDD1-F0B34F0283F5}.Debug|Any CPU.ActiveCfg = Debug|Any CPU
		{0F756DFE-67B6-44CA-BDD1-F0B34F0283F5}.Debug|Any CPU.Build.0 = Debug|Any CPU
		{0F756DFE-67B6-44CA-BDD1-F0B34F0283F5}.Release|Any CPU.ActiveCfg = Release|Any CPU
		{0F756DFE-67B6-44CA-BDD1-F0B34F0283F5}.Release|Any CPU.Build.0 = Release|Any CPU
	EndGlobalSection
	GlobalSection(SolutionProperties) = preSolution
		HideSolutionNode = FALSE
	EndGlobalSection
	GlobalSection(ExtensibilityGlobals) = postSolution
		SolutionGuid = {508E204F-74B1-45EF-97FA-F924C2699A00}
	EndGlobalSection
EndGlobal
